
Microsoft Visual Studio Solution File, Format Version 12.00
# Visual Studio Version 17
VisualStudioVersion = 17.13.35825.156 d17.13
MinimumVisualStudioVersion = 10.0.40219.1
Project("{FAE04EC0-301F-11D3-BF4B-00C04F79EFBC}") = "Proniaaa", "Proniaaa\Proniaaa.csproj", "{28C1CBB8-B7FA-47D9-817B-BAB4E3360BE4}"
EndProject
Global
	GlobalSection(SolutionConfigurationPlatforms) = preSolution
		Debug|Any CPU = Debug|Any CPU
		Release|Any CPU = Release|Any CPU
	EndGlobalSection
	GlobalSection(ProjectConfigurationPlatforms) = postSolution
		{28C1CBB8-B7FA-47D9-817B-BAB4E3360BE4}.Debug|Any CPU.ActiveCfg = Debug|Any CPU
		{28C1CBB8-B7FA-47D9-817B-BAB4E3360BE4}.Debug|Any CPU.Build.0 = Debug|Any CPU
		{28C1CBB8-B7FA-47D9-817B-BAB4E3360BE4}.Release|Any CPU.ActiveCfg = Release|Any CPU
		{28C1CBB8-B7FA-47D9-817B-BAB4E3360BE4}.Release|Any CPU.Build.0 = Release|Any CPU
	EndGlobalSection
	GlobalSection(SolutionProperties) = preSolution
		HideSolutionNode = FALSE
	EndGlobalSection
	GlobalSection(ExtensibilityGlobals) = postSolution
		SolutionGuid = {085C906E-6C58-49A9-AE2F-572FDEED1D42}
	EndGlobalSection
EndGlobal
